
Microsoft Visual Studio Solution File, Format Version 12.00
# Visual Studio 2013
VisualStudioVersion = 12.0.21005.1
MinimumVisualStudioVersion = 10.0.40219.1
Project("{FAE04EC0-301F-11D3-BF4B-00C04F79EFBC}") = "ProyectPhoneBook", "ProyectPhoneBook\ProyectPhoneBook.csproj", "{52011C95-DBA4-42DB-9ACC-D1AD2281B344}"
EndProject
Project("{FAE04EC0-301F-11D3-BF4B-00C04F79EFBC}") = "PhoneBookModel", "PhoneBookModel\PhoneBookModel.csproj", "{0508EE22-DEE1-4781-86C1-A7D42B328890}"
EndProject
Project("{2150E333-8FDC-42A3-9474-1A3956D46DE8}") = "Model", "Model", "{DDEC002D-1AFC-44BE-AB1B-F742DA7FC99B}"
EndProject
Project("{2150E333-8FDC-42A3-9474-1A3956D46DE8}") = "View", "View", "{E2B3E97C-78AD-4548-8BD8-C7AAAFD6314D}"
EndProject
Project("{2150E333-8FDC-42A3-9474-1A3956D46DE8}") = "Cotroller", "Cotroller", "{4703C631-3637-4090-8CF8-1734E784D28D}"
EndProject
Project("{FAE04EC0-301F-11D3-BF4B-00C04F79EFBC}") = "ClassLibrary1", "ClassLibrary1\ClassLibrary1.csproj", "{3E793D4A-2FA0-4B1E-84D0-BDA6CA307F7C}"
EndProject
Global
	GlobalSection(SolutionConfigurationPlatforms) = preSolution
		Debug|Any CPU = Debug|Any CPU
		Release|Any CPU = Release|Any CPU
	EndGlobalSection
	GlobalSection(ProjectConfigurationPlatforms) = postSolution
		{52011C95-DBA4-42DB-9ACC-D1AD2281B344}.Debug|Any CPU.ActiveCfg = Debug|Any CPU
		{52011C95-DBA4-42DB-9ACC-D1AD2281B344}.Debug|Any CPU.Build.0 = Debug|Any CPU
		{52011C95-DBA4-42DB-9ACC-D1AD2281B344}.Release|Any CPU.ActiveCfg = Release|Any CPU
		{52011C95-DBA4-42DB-9ACC-D1AD2281B344}.Release|Any CPU.Build.0 = Release|Any CPU
		{0508EE22-DEE1-4781-86C1-A7D42B328890}.Debug|Any CPU.ActiveCfg = Debug|Any CPU
		{0508EE22-DEE1-4781-86C1-A7D42B328890}.Debug|Any CPU.Build.0 = Debug|Any CPU
		{0508EE22-DEE1-4781-86C1-A7D42B328890}.Release|Any CPU.ActiveCfg = Release|Any CPU
		{0508EE22-DEE1-4781-86C1-A7D42B328890}.Release|Any CPU.Build.0 = Release|Any CPU
		{3E793D4A-2FA0-4B1E-84D0-BDA6CA307F7C}.Debug|Any CPU.ActiveCfg = Debug|Any CPU
		{3E793D4A-2FA0-4B1E-84D0-BDA6CA307F7C}.Debug|Any CPU.Build.0 = Debug|Any CPU
		{3E793D4A-2FA0-4B1E-84D0-BDA6CA307F7C}.Release|Any CPU.ActiveCfg = Release|Any CPU
		{3E793D4A-2FA0-4B1E-84D0-BDA6CA307F7C}.Release|Any CPU.Build.0 = Release|Any CPU
	EndGlobalSection
	GlobalSection(SolutionProperties) = preSolution
		HideSolutionNode = FALSE
	EndGlobalSection
	GlobalSection(NestedProjects) = preSolution
		{52011C95-DBA4-42DB-9ACC-D1AD2281B344} = {E2B3E97C-78AD-4548-8BD8-C7AAAFD6314D}
		{0508EE22-DEE1-4781-86C1-A7D42B328890} = {DDEC002D-1AFC-44BE-AB1B-F742DA7FC99B}
		{3E793D4A-2FA0-4B1E-84D0-BDA6CA307F7C} = {4703C631-3637-4090-8CF8-1734E784D28D}
	EndGlobalSection
EndGlobal
